
Microsoft Visual Studio Solution File, Format Version 12.00
# Visual Studio Version 17
VisualStudioVersion = 17.3.32602.387
MinimumVisualStudioVersion = 10.0.40219.1
Project("{9A19103F-16F7-4668-BE54-9A1E7A4F7556}") = "AzureRetailPrices", "src\AzureRetailPrices\AzureRetailPrices.csproj", "{C5FA0F7C-DCC7-44EF-9FEA-F33841BDEF2F}"
EndProject
Project("{2150E333-8FDC-42A3-9474-1A3956D46DE8}") = "src", "src", "{151F90E3-7443-4A10-A550-B0FCADEBC64F}"
EndProject
Project("{FAE04EC0-301F-11D3-BF4B-00C04F79EFBC}") = "Sandbox", "src\Sandbox\Sandbox.csproj", "{DAE6C6BC-5541-4C68-86E3-D0064F6333FF}"
EndProject
Project("{2150E333-8FDC-42A3-9474-1A3956D46DE8}") = "test", "test", "{98855748-3C0C-4E44-A3EE-D5697701430A}"
EndProject
Project("{FAE04EC0-301F-11D3-BF4B-00C04F79EFBC}") = "AzureRetailPrices.Test", "test\AzureRetailPrices.Test\AzureRetailPrices.Test.csproj", "{4F68A8FC-B468-413D-A0A5-D1320EA38C71}"
EndProject
Global
	GlobalSection(SolutionConfigurationPlatforms) = preSolution
		Debug|Any CPU = Debug|Any CPU
		Release|Any CPU = Release|Any CPU
	EndGlobalSection
	GlobalSection(ProjectConfigurationPlatforms) = postSolution
		{C5FA0F7C-DCC7-44EF-9FEA-F33841BDEF2F}.Debug|Any CPU.ActiveCfg = Debug|Any CPU
		{C5FA0F7C-DCC7-44EF-9FEA-F33841BDEF2F}.Debug|Any CPU.Build.0 = Debug|Any CPU
		{C5FA0F7C-DCC7-44EF-9FEA-F33841BDEF2F}.Release|Any CPU.ActiveCfg = Release|Any CPU
		{C5FA0F7C-DCC7-44EF-9FEA-F33841BDEF2F}.Release|Any CPU.Build.0 = Release|Any CPU
		{DAE6C6BC-5541-4C68-86E3-D0064F6333FF}.Debug|Any CPU.ActiveCfg = Debug|Any CPU
		{DAE6C6BC-5541-4C68-86E3-D0064F6333FF}.Debug|Any CPU.Build.0 = Debug|Any CPU
		{DAE6C6BC-5541-4C68-86E3-D0064F6333FF}.Release|Any CPU.ActiveCfg = Release|Any CPU
		{DAE6C6BC-5541-4C68-86E3-D0064F6333FF}.Release|Any CPU.Build.0 = Release|Any CPU
		{4F68A8FC-B468-413D-A0A5-D1320EA38C71}.Debug|Any CPU.ActiveCfg = Debug|Any CPU
		{4F68A8FC-B468-413D-A0A5-D1320EA38C71}.Debug|Any CPU.Build.0 = Debug|Any CPU
		{4F68A8FC-B468-413D-A0A5-D1320EA38C71}.Release|Any CPU.ActiveCfg = Release|Any CPU
		{4F68A8FC-B468-413D-A0A5-D1320EA38C71}.Release|Any CPU.Build.0 = Release|Any CPU
	EndGlobalSection
	GlobalSection(SolutionProperties) = preSolution
		HideSolutionNode = FALSE
	EndGlobalSection
	GlobalSection(NestedProjects) = preSolution
		{C5FA0F7C-DCC7-44EF-9FEA-F33841BDEF2F} = {151F90E3-7443-4A10-A550-B0FCADEBC64F}
		{DAE6C6BC-5541-4C68-86E3-D0064F6333FF} = {151F90E3-7443-4A10-A550-B0FCADEBC64F}
		{4F68A8FC-B468-413D-A0A5-D1320EA38C71} = {98855748-3C0C-4E44-A3EE-D5697701430A}
	EndGlobalSection
	GlobalSection(ExtensibilityGlobals) = postSolution
		SolutionGuid = {980F7196-0DBF-45EA-ACEC-8BC433DD3289}
	EndGlobalSection
EndGlobal
